// !$*UTF8*$!
{
	archiveVersion = 1;
	classes = {
	};
	objectVersion = 56;
	objects = {

/* Begin PBXBuildFile section */
		792D24432AE88CCD00CDA178 /* ProfileModel.swift in Sources */ = {isa = PBXBuildFile; fileRef = 792D24422AE88CCD00CDA178 /* ProfileModel.swift */; };
		798B73662ADD722D000ED7B6 /* TabBarModel.swift in Sources */ = {isa = PBXBuildFile; fileRef = 798B73652ADD722D000ED7B6 /* TabBarModel.swift */; };
		798F4B782AF1B551005FFB1E /* ViewerWorkout.swift in Sources */ = {isa = PBXBuildFile; fileRef = 798F4B772AF1B551005FFB1E /* ViewerWorkout.swift */; };
		7998D7DC2ADE029E0084A4BE /* WorkoutOfTheDayModel.swift in Sources */ = {isa = PBXBuildFile; fileRef = 7998D7DB2ADE029E0084A4BE /* WorkoutOfTheDayModel.swift */; };
		7998D7DE2ADE0FA10084A4BE /* DateModel.swift in Sources */ = {isa = PBXBuildFile; fileRef = 7998D7DD2ADE0FA10084A4BE /* DateModel.swift */; };
		79A8FA1C2ADF4C66005E737C /* AddNewTraining.swift in Sources */ = {isa = PBXBuildFile; fileRef = 79A8FA1B2ADF4C66005E737C /* AddNewTraining.swift */; };
		79A8FA1E2ADF4CD7005E737C /* AddNewTrainingModel.swift in Sources */ = {isa = PBXBuildFile; fileRef = 79A8FA1D2ADF4CD7005E737C /* AddNewTrainingModel.swift */; };
		79A8FA202ADF72BD005E737C /* TypeTraining.swift in Sources */ = {isa = PBXBuildFile; fileRef = 79A8FA1F2ADF72BD005E737C /* TypeTraining.swift */; };
		79E4DAE62ADC324C0072F993 /* Insta_Gym_Version_2App.swift in Sources */ = {isa = PBXBuildFile; fileRef = 79E4DAE52ADC324C0072F993 /* Insta_Gym_Version_2App.swift */; };
		79E4DAE82ADC324C0072F993 /* ContentView.swift in Sources */ = {isa = PBXBuildFile; fileRef = 79E4DAE72ADC324C0072F993 /* ContentView.swift */; };
		79E4DAEA2ADC324E0072F993 /* Assets.xcassets in Resources */ = {isa = PBXBuildFile; fileRef = 79E4DAE92ADC324E0072F993 /* Assets.xcassets */; };
		79E4DAED2ADC324E0072F993 /* Preview Assets.xcassets in Resources */ = {isa = PBXBuildFile; fileRef = 79E4DAEC2ADC324E0072F993 /* Preview Assets.xcassets */; };
		79E4DAF52ADC3CFC0072F993 /* home.swift in Sources */ = {isa = PBXBuildFile; fileRef = 79E4DAF42ADC3CFC0072F993 /* home.swift */; };
		FA3B25762B0B932700BBFBE1 /* GoogleService-Info.plist in Resources */ = {isa = PBXBuildFile; fileRef = FA3B25752B0B932700BBFBE1 /* GoogleService-Info.plist */; };
		FA3B25792B0B940400BBFBE1 /* FirebaseAnalytics in Frameworks */ = {isa = PBXBuildFile; productRef = FA3B25782B0B940400BBFBE1 /* FirebaseAnalytics */; };
		FA3B257B2B0B940400BBFBE1 /* FirebaseAnalyticsOnDeviceConversion in Frameworks */ = {isa = PBXBuildFile; productRef = FA3B257A2B0B940400BBFBE1 /* FirebaseAnalyticsOnDeviceConversion */; };
		FA3B257D2B0B940400BBFBE1 /* FirebaseAnalyticsSwift in Frameworks */ = {isa = PBXBuildFile; productRef = FA3B257C2B0B940400BBFBE1 /* FirebaseAnalyticsSwift */; };
		FA3B257F2B0B940400BBFBE1 /* FirebaseAnalyticsWithoutAdIdSupport in Frameworks */ = {isa = PBXBuildFile; productRef = FA3B257E2B0B940400BBFBE1 /* FirebaseAnalyticsWithoutAdIdSupport */; };
		FA3B25812B0B940400BBFBE1 /* FirebaseAppCheck in Frameworks */ = {isa = PBXBuildFile; productRef = FA3B25802B0B940400BBFBE1 /* FirebaseAppCheck */; };
		FA3B25832B0B940400BBFBE1 /* FirebaseAppDistribution-Beta in Frameworks */ = {isa = PBXBuildFile; productRef = FA3B25822B0B940400BBFBE1 /* FirebaseAppDistribution-Beta */; };
		FA3B25852B0B940400BBFBE1 /* FirebaseAuth in Frameworks */ = {isa = PBXBuildFile; productRef = FA3B25842B0B940400BBFBE1 /* FirebaseAuth */; };
		FA3B25872B0B940400BBFBE1 /* FirebaseAuthCombine-Community in Frameworks */ = {isa = PBXBuildFile; productRef = FA3B25862B0B940400BBFBE1 /* FirebaseAuthCombine-Community */; };
		FA3B25892B0B940400BBFBE1 /* FirebaseCrashlytics in Frameworks */ = {isa = PBXBuildFile; productRef = FA3B25882B0B940400BBFBE1 /* FirebaseCrashlytics */; };
		FA3B258B2B0B940400BBFBE1 /* FirebaseDatabase in Frameworks */ = {isa = PBXBuildFile; productRef = FA3B258A2B0B940400BBFBE1 /* FirebaseDatabase */; };
		FA3B258D2B0B940400BBFBE1 /* FirebaseDatabaseSwift in Frameworks */ = {isa = PBXBuildFile; productRef = FA3B258C2B0B940400BBFBE1 /* FirebaseDatabaseSwift */; };
		FA3B258F2B0B940400BBFBE1 /* FirebaseDynamicLinks in Frameworks */ = {isa = PBXBuildFile; productRef = FA3B258E2B0B940400BBFBE1 /* FirebaseDynamicLinks */; };
		FA3B25912B0B940400BBFBE1 /* FirebaseFirestore in Frameworks */ = {isa = PBXBuildFile; productRef = FA3B25902B0B940400BBFBE1 /* FirebaseFirestore */; };
		FA3B25932B0B940400BBFBE1 /* FirebaseFirestoreCombine-Community in Frameworks */ = {isa = PBXBuildFile; productRef = FA3B25922B0B940400BBFBE1 /* FirebaseFirestoreCombine-Community */; };
		FA3B25952B0B940400BBFBE1 /* FirebaseFirestoreSwift in Frameworks */ = {isa = PBXBuildFile; productRef = FA3B25942B0B940400BBFBE1 /* FirebaseFirestoreSwift */; };
		FA3B25972B0B940400BBFBE1 /* FirebaseFunctions in Frameworks */ = {isa = PBXBuildFile; productRef = FA3B25962B0B940400BBFBE1 /* FirebaseFunctions */; };
		FA3B25992B0B940400BBFBE1 /* FirebaseFunctionsCombine-Community in Frameworks */ = {isa = PBXBuildFile; productRef = FA3B25982B0B940400BBFBE1 /* FirebaseFunctionsCombine-Community */; };
		FA3B259B2B0B940400BBFBE1 /* FirebaseInAppMessaging-Beta in Frameworks */ = {isa = PBXBuildFile; productRef = FA3B259A2B0B940400BBFBE1 /* FirebaseInAppMessaging-Beta */; };
		FA3B259D2B0B940400BBFBE1 /* FirebaseInAppMessagingSwift-Beta in Frameworks */ = {isa = PBXBuildFile; productRef = FA3B259C2B0B940400BBFBE1 /* FirebaseInAppMessagingSwift-Beta */; };
		FA3B259F2B0B940400BBFBE1 /* FirebaseInstallations in Frameworks */ = {isa = PBXBuildFile; productRef = FA3B259E2B0B940400BBFBE1 /* FirebaseInstallations */; };
		FA3B25A12B0B940400BBFBE1 /* FirebaseMLModelDownloader in Frameworks */ = {isa = PBXBuildFile; productRef = FA3B25A02B0B940400BBFBE1 /* FirebaseMLModelDownloader */; };
		FA3B25A32B0B940400BBFBE1 /* FirebaseMessaging in Frameworks */ = {isa = PBXBuildFile; productRef = FA3B25A22B0B940400BBFBE1 /* FirebaseMessaging */; };
		FA3B25A52B0B940400BBFBE1 /* FirebasePerformance in Frameworks */ = {isa = PBXBuildFile; productRef = FA3B25A42B0B940400BBFBE1 /* FirebasePerformance */; };
		FA3B25A72B0B940400BBFBE1 /* FirebaseRemoteConfig in Frameworks */ = {isa = PBXBuildFile; productRef = FA3B25A62B0B940400BBFBE1 /* FirebaseRemoteConfig */; };
		FA3B25A92B0B940400BBFBE1 /* FirebaseRemoteConfigSwift in Frameworks */ = {isa = PBXBuildFile; productRef = FA3B25A82B0B940400BBFBE1 /* FirebaseRemoteConfigSwift */; };
		FA3B25AB2B0B940400BBFBE1 /* FirebaseStorage in Frameworks */ = {isa = PBXBuildFile; productRef = FA3B25AA2B0B940400BBFBE1 /* FirebaseStorage */; };
		FA3B25AD2B0B940400BBFBE1 /* FirebaseStorageCombine-Community in Frameworks */ = {isa = PBXBuildFile; productRef = FA3B25AC2B0B940400BBFBE1 /* FirebaseStorageCombine-Community */; };
		FA3B25B02B0B948F00BBFBE1 /* conection.swift in Sources */ = {isa = PBXBuildFile; fileRef = FA3B25AF2B0B948F00BBFBE1 /* conection.swift */; };
/* End PBXBuildFile section */

/* Begin PBXFileReference section */
		792D24422AE88CCD00CDA178 /* ProfileModel.swift */ = {isa = PBXFileReference; lastKnownFileType = sourcecode.swift; path = ProfileModel.swift; sourceTree = "<group>"; };
		798B73652ADD722D000ED7B6 /* TabBarModel.swift */ = {isa = PBXFileReference; lastKnownFileType = sourcecode.swift; path = TabBarModel.swift; sourceTree = "<group>"; };
		798F4B772AF1B551005FFB1E /* ViewerWorkout.swift */ = {isa = PBXFileReference; lastKnownFileType = sourcecode.swift; path = ViewerWorkout.swift; sourceTree = "<group>"; };
		7998D7DB2ADE029E0084A4BE /* WorkoutOfTheDayModel.swift */ = {isa = PBXFileReference; lastKnownFileType = sourcecode.swift; path = WorkoutOfTheDayModel.swift; sourceTree = "<group>"; };
		7998D7DD2ADE0FA10084A4BE /* DateModel.swift */ = {isa = PBXFileReference; lastKnownFileType = sourcecode.swift; path = DateModel.swift; sourceTree = "<group>"; };
		79A8FA1B2ADF4C66005E737C /* AddNewTraining.swift */ = {isa = PBXFileReference; lastKnownFileType = sourcecode.swift; path = AddNewTraining.swift; sourceTree = "<group>"; };
		79A8FA1D2ADF4CD7005E737C /* AddNewTrainingModel.swift */ = {isa = PBXFileReference; lastKnownFileType = sourcecode.swift; path = AddNewTrainingModel.swift; sourceTree = "<group>"; };
		79A8FA1F2ADF72BD005E737C /* TypeTraining.swift */ = {isa = PBXFileReference; lastKnownFileType = sourcecode.swift; path = TypeTraining.swift; sourceTree = "<group>"; };
		79E4DAE22ADC324C0072F993 /* Insta-Gym Version 2.app */ = {isa = PBXFileReference; explicitFileType = wrapper.application; includeInIndex = 0; path = "Insta-Gym Version 2.app"; sourceTree = BUILT_PRODUCTS_DIR; };
		79E4DAE52ADC324C0072F993 /* Insta_Gym_Version_2App.swift */ = {isa = PBXFileReference; lastKnownFileType = sourcecode.swift; path = Insta_Gym_Version_2App.swift; sourceTree = "<group>"; };
		79E4DAE72ADC324C0072F993 /* ContentView.swift */ = {isa = PBXFileReference; lastKnownFileType = sourcecode.swift; path = ContentView.swift; sourceTree = "<group>"; };
		79E4DAE92ADC324E0072F993 /* Assets.xcassets */ = {isa = PBXFileReference; lastKnownFileType = folder.assetcatalog; path = Assets.xcassets; sourceTree = "<group>"; };
		79E4DAEC2ADC324E0072F993 /* Preview Assets.xcassets */ = {isa = PBXFileReference; lastKnownFileType = folder.assetcatalog; path = "Preview Assets.xcassets"; sourceTree = "<group>"; };
		79E4DAF42ADC3CFC0072F993 /* home.swift */ = {isa = PBXFileReference; lastKnownFileType = sourcecode.swift; path = home.swift; sourceTree = "<group>"; };
		FA3B25752B0B932700BBFBE1 /* GoogleService-Info.plist */ = {isa = PBXFileReference; fileEncoding = 4; lastKnownFileType = text.plist.xml; path = "GoogleService-Info.plist"; sourceTree = "<group>"; };
		FA3B25AF2B0B948F00BBFBE1 /* conection.swift */ = {isa = PBXFileReference; lastKnownFileType = sourcecode.swift; path = conection.swift; sourceTree = "<group>"; };
/* End PBXFileReference section */

/* Begin PBXFrameworksBuildPhase section */
		79E4DADF2ADC324C0072F993 /* Frameworks */ = {
			isa = PBXFrameworksBuildPhase;
			buildActionMask = 2147483647;
			files = (
				FA3B258B2B0B940400BBFBE1 /* FirebaseDatabase in Frameworks */,
				FA3B25992B0B940400BBFBE1 /* FirebaseFunctionsCombine-Community in Frameworks */,
				FA3B25912B0B940400BBFBE1 /* FirebaseFirestore in Frameworks */,
				FA3B257D2B0B940400BBFBE1 /* FirebaseAnalyticsSwift in Frameworks */,
				FA3B25792B0B940400BBFBE1 /* FirebaseAnalytics in Frameworks */,
				FA3B257B2B0B940400BBFBE1 /* FirebaseAnalyticsOnDeviceConversion in Frameworks */,
				FA3B25A12B0B940400BBFBE1 /* FirebaseMLModelDownloader in Frameworks */,
				FA3B25952B0B940400BBFBE1 /* FirebaseFirestoreSwift in Frameworks */,
				FA3B25812B0B940400BBFBE1 /* FirebaseAppCheck in Frameworks */,
				FA3B257F2B0B940400BBFBE1 /* FirebaseAnalyticsWithoutAdIdSupport in Frameworks */,
				FA3B25852B0B940400BBFBE1 /* FirebaseAuth in Frameworks */,
				FA3B25892B0B940400BBFBE1 /* FirebaseCrashlytics in Frameworks */,
				FA3B25A92B0B940400BBFBE1 /* FirebaseRemoteConfigSwift in Frameworks */,
				FA3B259B2B0B940400BBFBE1 /* FirebaseInAppMessaging-Beta in Frameworks */,
				FA3B258D2B0B940400BBFBE1 /* FirebaseDatabaseSwift in Frameworks */,
				FA3B25972B0B940400BBFBE1 /* FirebaseFunctions in Frameworks */,
				FA3B25AD2B0B940400BBFBE1 /* FirebaseStorageCombine-Community in Frameworks */,
				FA3B25A72B0B940400BBFBE1 /* FirebaseRemoteConfig in Frameworks */,
				FA3B25832B0B940400BBFBE1 /* FirebaseAppDistribution-Beta in Frameworks */,
				FA3B25872B0B940400BBFBE1 /* FirebaseAuthCombine-Community in Frameworks */,
				FA3B25A52B0B940400BBFBE1 /* FirebasePerformance in Frameworks */,
				FA3B259D2B0B940400BBFBE1 /* FirebaseInAppMessagingSwift-Beta in Frameworks */,
				FA3B25AB2B0B940400BBFBE1 /* FirebaseStorage in Frameworks */,
				FA3B258F2B0B940400BBFBE1 /* FirebaseDynamicLinks in Frameworks */,
				FA3B25932B0B940400BBFBE1 /* FirebaseFirestoreCombine-Community in Frameworks */,
				FA3B25A32B0B940400BBFBE1 /* FirebaseMessaging in Frameworks */,
				FA3B259F2B0B940400BBFBE1 /* FirebaseInstallations in Frameworks */,
			);
			runOnlyForDeploymentPostprocessing = 0;
		};
/* End PBXFrameworksBuildPhase section */

/* Begin PBXGroup section */
		798B73642ADD71C0000ED7B6 /* Model */ = {
			isa = PBXGroup;
			children = (
				798B73652ADD722D000ED7B6 /* TabBarModel.swift */,
				7998D7DB2ADE029E0084A4BE /* WorkoutOfTheDayModel.swift */,
				7998D7DD2ADE0FA10084A4BE /* DateModel.swift */,
				79A8FA1D2ADF4CD7005E737C /* AddNewTrainingModel.swift */,
				79A8FA1F2ADF72BD005E737C /* TypeTraining.swift */,
				792D24422AE88CCD00CDA178 /* ProfileModel.swift */,
			);
			path = Model;
			sourceTree = "<group>";
		};
		79E4DAD92ADC324C0072F993 = {
			isa = PBXGroup;
			children = (
				79E4DAE42ADC324C0072F993 /* Insta-Gym Version 2 */,
				79E4DAE32ADC324C0072F993 /* Products */,
			);
			sourceTree = "<group>";
		};
		79E4DAE32ADC324C0072F993 /* Products */ = {
			isa = PBXGroup;
			children = (
				79E4DAE22ADC324C0072F993 /* Insta-Gym Version 2.app */,
			);
			name = Products;
			sourceTree = "<group>";
		};
		79E4DAE42ADC324C0072F993 /* Insta-Gym Version 2 */ = {
			isa = PBXGroup;
			children = (
				FA3B25AE2B0B944600BBFBE1 /* ConectionFirebase */,
				79E4DAE52ADC324C0072F993 /* Insta_Gym_Version_2App.swift */,
				79E4DAE72ADC324C0072F993 /* ContentView.swift */,
				79E4DAF32ADC3C9F0072F993 /* View */,
				798B73642ADD71C0000ED7B6 /* Model */,
				79E4DAE92ADC324E0072F993 /* Assets.xcassets */,
				FA3B25752B0B932700BBFBE1 /* GoogleService-Info.plist */,
				79E4DAEB2ADC324E0072F993 /* Preview Content */,
			);
			path = "Insta-Gym Version 2";
			sourceTree = "<group>";
		};
		79E4DAEB2ADC324E0072F993 /* Preview Content */ = {
			isa = PBXGroup;
			children = (
				79E4DAEC2ADC324E0072F993 /* Preview Assets.xcassets */,
			);
			path = "Preview Content";
			sourceTree = "<group>";
		};
		79E4DAF32ADC3C9F0072F993 /* View */ = {
			isa = PBXGroup;
			children = (
				79E4DAF42ADC3CFC0072F993 /* home.swift */,
				79A8FA1B2ADF4C66005E737C /* AddNewTraining.swift */,
				798F4B772AF1B551005FFB1E /* ViewerWorkout.swift */,
			);
			path = View;
			sourceTree = "<group>";
		};
		FA3B25AE2B0B944600BBFBE1 /* ConectionFirebase */ = {
			isa = PBXGroup;
			children = (
				FA3B25AF2B0B948F00BBFBE1 /* conection.swift */,
			);
			path = ConectionFirebase;
			sourceTree = "<group>";
		};
/* End PBXGroup section */

/* Begin PBXNativeTarget section */
		79E4DAE12ADC324C0072F993 /* Insta-Gym Version 2 */ = {
			isa = PBXNativeTarget;
			buildConfigurationList = 79E4DAF02ADC324E0072F993 /* Build configuration list for PBXNativeTarget "Insta-Gym Version 2" */;
			buildPhases = (
				79E4DADE2ADC324C0072F993 /* Sources */,
				79E4DADF2ADC324C0072F993 /* Frameworks */,
				79E4DAE02ADC324C0072F993 /* Resources */,
			);
			buildRules = (
			);
			dependencies = (
			);
			name = "Insta-Gym Version 2";
			packageProductDependencies = (
				FA3B25782B0B940400BBFBE1 /* FirebaseAnalytics */,
				FA3B257A2B0B940400BBFBE1 /* FirebaseAnalyticsOnDeviceConversion */,
				FA3B257C2B0B940400BBFBE1 /* FirebaseAnalyticsSwift */,
				FA3B257E2B0B940400BBFBE1 /* FirebaseAnalyticsWithoutAdIdSupport */,
				FA3B25802B0B940400BBFBE1 /* FirebaseAppCheck */,
				FA3B25822B0B940400BBFBE1 /* FirebaseAppDistribution-Beta */,
				FA3B25842B0B940400BBFBE1 /* FirebaseAuth */,
				FA3B25862B0B940400BBFBE1 /* FirebaseAuthCombine-Community */,
				FA3B25882B0B940400BBFBE1 /* FirebaseCrashlytics */,
				FA3B258A2B0B940400BBFBE1 /* FirebaseDatabase */,
				FA3B258C2B0B940400BBFBE1 /* FirebaseDatabaseSwift */,
				FA3B258E2B0B940400BBFBE1 /* FirebaseDynamicLinks */,
				FA3B25902B0B940400BBFBE1 /* FirebaseFirestore */,
				FA3B25922B0B940400BBFBE1 /* FirebaseFirestoreCombine-Community */,
				FA3B25942B0B940400BBFBE1 /* FirebaseFirestoreSwift */,
				FA3B25962B0B940400BBFBE1 /* FirebaseFunctions */,
				FA3B25982B0B940400BBFBE1 /* FirebaseFunctionsCombine-Community */,
				FA3B259A2B0B940400BBFBE1 /* FirebaseInAppMessaging-Beta */,
				FA3B259C2B0B940400BBFBE1 /* FirebaseInAppMessagingSwift-Beta */,
				FA3B259E2B0B940400BBFBE1 /* FirebaseInstallations */,
				FA3B25A02B0B940400BBFBE1 /* FirebaseMLModelDownloader */,
				FA3B25A22B0B940400BBFBE1 /* FirebaseMessaging */,
				FA3B25A42B0B940400BBFBE1 /* FirebasePerformance */,
				FA3B25A62B0B940400BBFBE1 /* FirebaseRemoteConfig */,
				FA3B25A82B0B940400BBFBE1 /* FirebaseRemoteConfigSwift */,
				FA3B25AA2B0B940400BBFBE1 /* FirebaseStorage */,
				FA3B25AC2B0B940400BBFBE1 /* FirebaseStorageCombine-Community */,
			);
			productName = "Insta-Gym Version 2";
			productReference = 79E4DAE22ADC324C0072F993 /* Insta-Gym Version 2.app */;
			productType = "com.apple.product-type.application";
		};
/* End PBXNativeTarget section */

/* Begin PBXProject section */
		79E4DADA2ADC324C0072F993 /* Project object */ = {
			isa = PBXProject;
			attributes = {
				BuildIndependentTargetsInParallel = 1;
				LastSwiftUpdateCheck = 1500;
				LastUpgradeCheck = 1500;
				TargetAttributes = {
					79E4DAE12ADC324C0072F993 = {
						CreatedOnToolsVersion = 15.0;
					};
				};
			};
			buildConfigurationList = 79E4DADD2ADC324C0072F993 /* Build configuration list for PBXProject "Insta-Gym Version 2" */;
			compatibilityVersion = "Xcode 14.0";
			developmentRegion = en;
			hasScannedForEncodings = 0;
			knownRegions = (
				en,
				Base,
			);
			mainGroup = 79E4DAD92ADC324C0072F993;
			packageReferences = (
				FA3B25772B0B940400BBFBE1 /* XCRemoteSwiftPackageReference "firebase-ios-sdk" */,
			);
			productRefGroup = 79E4DAE32ADC324C0072F993 /* Products */;
			projectDirPath = "";
			projectRoot = "";
			targets = (
				79E4DAE12ADC324C0072F993 /* Insta-Gym Version 2 */,
			);
		};
/* End PBXProject section */

/* Begin PBXResourcesBuildPhase section */
		79E4DAE02ADC324C0072F993 /* Resources */ = {
			isa = PBXResourcesBuildPhase;
			buildActionMask = 2147483647;
			files = (
				79E4DAED2ADC324E0072F993 /* Preview Assets.xcassets in Resources */,
				79E4DAEA2ADC324E0072F993 /* Assets.xcassets in Resources */,
				FA3B25762B0B932700BBFBE1 /* GoogleService-Info.plist in Resources */,
			);
			runOnlyForDeploymentPostprocessing = 0;
		};
/* End PBXResourcesBuildPhase section */

/* Begin PBXSourcesBuildPhase section */
		79E4DADE2ADC324C0072F993 /* Sources */ = {
			isa = PBXSourcesBuildPhase;
			buildActionMask = 2147483647;
			files = (
				798B73662ADD722D000ED7B6 /* TabBarModel.swift in Sources */,
				79A8FA202ADF72BD005E737C /* TypeTraining.swift in Sources */,
				79E4DAF52ADC3CFC0072F993 /* home.swift in Sources */,
				79A8FA1C2ADF4C66005E737C /* AddNewTraining.swift in Sources */,
				FA3B25B02B0B948F00BBFBE1 /* conection.swift in Sources */,
				798F4B782AF1B551005FFB1E /* ViewerWorkout.swift in Sources */,
				79E4DAE82ADC324C0072F993 /* ContentView.swift in Sources */,
				792D24432AE88CCD00CDA178 /* ProfileModel.swift in Sources */,
				79A8FA1E2ADF4CD7005E737C /* AddNewTrainingModel.swift in Sources */,
				7998D7DC2ADE029E0084A4BE /* WorkoutOfTheDayModel.swift in Sources */,
				79E4DAE62ADC324C0072F993 /* Insta_Gym_Version_2App.swift in Sources */,
				7998D7DE2ADE0FA10084A4BE /* DateModel.swift in Sources */,
			);
			runOnlyForDeploymentPostprocessing = 0;
		};
/* End PBXSourcesBuildPhase section */

/* Begin XCBuildConfiguration section */
		79E4DAEE2ADC324E0072F993 /* Debug */ = {
			isa = XCBuildConfiguration;
			buildSettings = {
				ALWAYS_SEARCH_USER_PATHS = NO;
				ASSETCATALOG_COMPILER_GENERATE_SWIFT_ASSET_SYMBOL_EXTENSIONS = YES;
				CLANG_ANALYZER_NONNULL = YES;
				CLANG_ANALYZER_NUMBER_OBJECT_CONVERSION = YES_AGGRESSIVE;
				CLANG_CXX_LANGUAGE_STANDARD = "gnu++20";
				CLANG_ENABLE_MODULES = YES;
				CLANG_ENABLE_OBJC_ARC = YES;
				CLANG_ENABLE_OBJC_WEAK = YES;
				CLANG_WARN_BLOCK_CAPTURE_AUTORELEASING = YES;
				CLANG_WARN_BOOL_CONVERSION = YES;
				CLANG_WARN_COMMA = YES;
				CLANG_WARN_CONSTANT_CONVERSION = YES;
				CLANG_WARN_DEPRECATED_OBJC_IMPLEMENTATIONS = YES;
				CLANG_WARN_DIRECT_OBJC_ISA_USAGE = YES_ERROR;
				CLANG_WARN_DOCUMENTATION_COMMENTS = YES;
				CLANG_WARN_EMPTY_BODY = YES;
				CLANG_WARN_ENUM_CONVERSION = YES;
				CLANG_WARN_INFINITE_RECURSION = YES;
				CLANG_WARN_INT_CONVERSION = YES;
				CLANG_WARN_NON_LITERAL_NULL_CONVERSION = YES;
				CLANG_WARN_OBJC_IMPLICIT_RETAIN_SELF = YES;
				CLANG_WARN_OBJC_LITERAL_CONVERSION = YES;
				CLANG_WARN_OBJC_ROOT_CLASS = YES_ERROR;
				CLANG_WARN_QUOTED_INCLUDE_IN_FRAMEWORK_HEADER = YES;
				CLANG_WARN_RANGE_LOOP_ANALYSIS = YES;
				CLANG_WARN_STRICT_PROTOTYPES = YES;
				CLANG_WARN_SUSPICIOUS_MOVE = YES;
				CLANG_WARN_UNGUARDED_AVAILABILITY = YES_AGGRESSIVE;
				CLANG_WARN_UNREACHABLE_CODE = YES;
				CLANG_WARN__DUPLICATE_METHOD_MATCH = YES;
				COPY_PHASE_STRIP = NO;
				DEBUG_INFORMATION_FORMAT = dwarf;
				ENABLE_STRICT_OBJC_MSGSEND = YES;
				ENABLE_TESTABILITY = YES;
				ENABLE_USER_SCRIPT_SANDBOXING = YES;
				GCC_C_LANGUAGE_STANDARD = gnu17;
				GCC_DYNAMIC_NO_PIC = NO;
				GCC_NO_COMMON_BLOCKS = YES;
				GCC_OPTIMIZATION_LEVEL = 0;
				GCC_PREPROCESSOR_DEFINITIONS = (
					"DEBUG=1",
					"$(inherited)",
				);
				GCC_WARN_64_TO_32_BIT_CONVERSION = YES;
				GCC_WARN_ABOUT_RETURN_TYPE = YES_ERROR;
				GCC_WARN_UNDECLARED_SELECTOR = YES;
				GCC_WARN_UNINITIALIZED_AUTOS = YES_AGGRESSIVE;
				GCC_WARN_UNUSED_FUNCTION = YES;
				GCC_WARN_UNUSED_VARIABLE = YES;
				IPHONEOS_DEPLOYMENT_TARGET = 17.0;
				LOCALIZATION_PREFERS_STRING_CATALOGS = YES;
				MTL_ENABLE_DEBUG_INFO = INCLUDE_SOURCE;
				MTL_FAST_MATH = YES;
				ONLY_ACTIVE_ARCH = YES;
				SDKROOT = iphoneos;
				SWIFT_ACTIVE_COMPILATION_CONDITIONS = "DEBUG $(inherited)";
				SWIFT_OPTIMIZATION_LEVEL = "-Onone";
			};
			name = Debug;
		};
		79E4DAEF2ADC324E0072F993 /* Release */ = {
			isa = XCBuildConfiguration;
			buildSettings = {
				ALWAYS_SEARCH_USER_PATHS = NO;
				ASSETCATALOG_COMPILER_GENERATE_SWIFT_ASSET_SYMBOL_EXTENSIONS = YES;
				CLANG_ANALYZER_NONNULL = YES;
				CLANG_ANALYZER_NUMBER_OBJECT_CONVERSION = YES_AGGRESSIVE;
				CLANG_CXX_LANGUAGE_STANDARD = "gnu++20";
				CLANG_ENABLE_MODULES = YES;
				CLANG_ENABLE_OBJC_ARC = YES;
				CLANG_ENABLE_OBJC_WEAK = YES;
				CLANG_WARN_BLOCK_CAPTURE_AUTORELEASING = YES;
				CLANG_WARN_BOOL_CONVERSION = YES;
				CLANG_WARN_COMMA = YES;
				CLANG_WARN_CONSTANT_CONVERSION = YES;
				CLANG_WARN_DEPRECATED_OBJC_IMPLEMENTATIONS = YES;
				CLANG_WARN_DIRECT_OBJC_ISA_USAGE = YES_ERROR;
				CLANG_WARN_DOCUMENTATION_COMMENTS = YES;
				CLANG_WARN_EMPTY_BODY = YES;
				CLANG_WARN_ENUM_CONVERSION = YES;
				CLANG_WARN_INFINITE_RECURSION = YES;
				CLANG_WARN_INT_CONVERSION = YES;
				CLANG_WARN_NON_LITERAL_NULL_CONVERSION = YES;
				CLANG_WARN_OBJC_IMPLICIT_RETAIN_SELF = YES;
				CLANG_WARN_OBJC_LITERAL_CONVERSION = YES;
				CLANG_WARN_OBJC_ROOT_CLASS = YES_ERROR;
				CLANG_WARN_QUOTED_INCLUDE_IN_FRAMEWORK_HEADER = YES;
				CLANG_WARN_RANGE_LOOP_ANALYSIS = YES;
				CLANG_WARN_STRICT_PROTOTYPES = YES;
				CLANG_WARN_SUSPICIOUS_MOVE = YES;
				CLANG_WARN_UNGUARDED_AVAILABILITY = YES_AGGRESSIVE;
				CLANG_WARN_UNREACHABLE_CODE = YES;
				CLANG_WARN__DUPLICATE_METHOD_MATCH = YES;
				COPY_PHASE_STRIP = NO;
				DEBUG_INFORMATION_FORMAT = "dwarf-with-dsym";
				ENABLE_NS_ASSERTIONS = NO;
				ENABLE_STRICT_OBJC_MSGSEND = YES;
				ENABLE_USER_SCRIPT_SANDBOXING = YES;
				GCC_C_LANGUAGE_STANDARD = gnu17;
				GCC_NO_COMMON_BLOCKS = YES;
				GCC_WARN_64_TO_32_BIT_CONVERSION = YES;
				GCC_WARN_ABOUT_RETURN_TYPE = YES_ERROR;
				GCC_WARN_UNDECLARED_SELECTOR = YES;
				GCC_WARN_UNINITIALIZED_AUTOS = YES_AGGRESSIVE;
				GCC_WARN_UNUSED_FUNCTION = YES;
				GCC_WARN_UNUSED_VARIABLE = YES;
				IPHONEOS_DEPLOYMENT_TARGET = 17.0;
				LOCALIZATION_PREFERS_STRING_CATALOGS = YES;
				MTL_ENABLE_DEBUG_INFO = NO;
				MTL_FAST_MATH = YES;
				SDKROOT = iphoneos;
				SWIFT_COMPILATION_MODE = wholemodule;
				VALIDATE_PRODUCT = YES;
			};
			name = Release;
		};
		79E4DAF12ADC324E0072F993 /* Debug */ = {
			isa = XCBuildConfiguration;
			buildSettings = {
				ASSETCATALOG_COMPILER_APPICON_NAME = AppIcon;
				ASSETCATALOG_COMPILER_GLOBAL_ACCENT_COLOR_NAME = AccentColor;
				CODE_SIGN_STYLE = Automatic;
				CURRENT_PROJECT_VERSION = 1;
				DEVELOPMENT_ASSET_PATHS = "\"Insta-Gym Version 2/Preview Content\"";
				ENABLE_PREVIEWS = YES;
				GENERATE_INFOPLIST_FILE = YES;
				INFOPLIST_KEY_UIApplicationSceneManifest_Generation = YES;
				INFOPLIST_KEY_UIApplicationSupportsIndirectInputEvents = YES;
				INFOPLIST_KEY_UILaunchScreen_Generation = YES;
				INFOPLIST_KEY_UISupportedInterfaceOrientations_iPad = "UIInterfaceOrientationPortrait UIInterfaceOrientationPortraitUpsideDown UIInterfaceOrientationLandscapeLeft UIInterfaceOrientationLandscapeRight";
				INFOPLIST_KEY_UISupportedInterfaceOrientations_iPhone = "UIInterfaceOrientationPortrait UIInterfaceOrientationLandscapeLeft UIInterfaceOrientationLandscapeRight";
				LD_RUNPATH_SEARCH_PATHS = (
					"$(inherited)",
					"@executable_path/Frameworks",
				);
				MARKETING_VERSION = 1.0;
				PRODUCT_BUNDLE_IDENTIFIER = "annekarolinneds.Insta-Gym-Version-2";
				PRODUCT_NAME = "$(TARGET_NAME)";
				SWIFT_EMIT_LOC_STRINGS = YES;
				SWIFT_VERSION = 5.0;
				TARGETED_DEVICE_FAMILY = "1,2";
			};
			name = Debug;
		};
		79E4DAF22ADC324E0072F993 /* Release */ = {
			isa = XCBuildConfiguration;
			buildSettings = {
				ASSETCATALOG_COMPILER_APPICON_NAME = AppIcon;
				ASSETCATALOG_COMPILER_GLOBAL_ACCENT_COLOR_NAME = AccentColor;
				CODE_SIGN_STYLE = Automatic;
				CURRENT_PROJECT_VERSION = 1;
				DEVELOPMENT_ASSET_PATHS = "\"Insta-Gym Version 2/Preview Content\"";
				ENABLE_PREVIEWS = YES;
				GENERATE_INFOPLIST_FILE = YES;
				INFOPLIST_KEY_UIApplicationSceneManifest_Generation = YES;
				INFOPLIST_KEY_UIApplicationSupportsIndirectInputEvents = YES;
				INFOPLIST_KEY_UILaunchScreen_Generation = YES;
				INFOPLIST_KEY_UISupportedInterfaceOrientations_iPad = "UIInterfaceOrientationPortrait UIInterfaceOrientationPortraitUpsideDown UIInterfaceOrientationLandscapeLeft UIInterfaceOrientationLandscapeRight";
				INFOPLIST_KEY_UISupportedInterfaceOrientations_iPhone = "UIInterfaceOrientationPortrait UIInterfaceOrientationLandscapeLeft UIInterfaceOrientationLandscapeRight";
				LD_RUNPATH_SEARCH_PATHS = (
					"$(inherited)",
					"@executable_path/Frameworks",
				);
				MARKETING_VERSION = 1.0;
				PRODUCT_BUNDLE_IDENTIFIER = "annekarolinneds.Insta-Gym-Version-2";
				PRODUCT_NAME = "$(TARGET_NAME)";
				SWIFT_EMIT_LOC_STRINGS = YES;
				SWIFT_VERSION = 5.0;
				TARGETED_DEVICE_FAMILY = "1,2";
			};
			name = Release;
		};
/* End XCBuildConfiguration section */

/* Begin XCConfigurationList section */
		79E4DADD2ADC324C0072F993 /* Build configuration list for PBXProject "Insta-Gym Version 2" */ = {
			isa = XCConfigurationList;
			buildConfigurations = (
				79E4DAEE2ADC324E0072F993 /* Debug */,
				79E4DAEF2ADC324E0072F993 /* Release */,
			);
			defaultConfigurationIsVisible = 0;
			defaultConfigurationName = Release;
		};
		79E4DAF02ADC324E0072F993 /* Build configuration list for PBXNativeTarget "Insta-Gym Version 2" */ = {
			isa = XCConfigurationList;
			buildConfigurations = (
				79E4DAF12ADC324E0072F993 /* Debug */,
				79E4DAF22ADC324E0072F993 /* Release */,
			);
			defaultConfigurationIsVisible = 0;
			defaultConfigurationName = Release;
		};
/* End XCConfigurationList section */

/* Begin XCRemoteSwiftPackageReference section */
		FA3B25772B0B940400BBFBE1 /* XCRemoteSwiftPackageReference "firebase-ios-sdk" */ = {
			isa = XCRemoteSwiftPackageReference;
			repositoryURL = "https://github.com/firebase/firebase-ios-sdk";
			requirement = {
				kind = upToNextMajorVersion;
				minimumVersion = 10.18.0;
			};
		};
/* End XCRemoteSwiftPackageReference section */

/* Begin XCSwiftPackageProductDependency section */
		FA3B25782B0B940400BBFBE1 /* FirebaseAnalytics */ = {
			isa = XCSwiftPackageProductDependency;
			package = FA3B25772B0B940400BBFBE1 /* XCRemoteSwiftPackageReference "firebase-ios-sdk" */;
			productName = FirebaseAnalytics;
		};
		FA3B257A2B0B940400BBFBE1 /* FirebaseAnalyticsOnDeviceConversion */ = {
			isa = XCSwiftPackageProductDependency;
			package = FA3B25772B0B940400BBFBE1 /* XCRemoteSwiftPackageReference "firebase-ios-sdk" */;
			productName = FirebaseAnalyticsOnDeviceConversion;
		};
		FA3B257C2B0B940400BBFBE1 /* FirebaseAnalyticsSwift */ = {
			isa = XCSwiftPackageProductDependency;
			package = FA3B25772B0B940400BBFBE1 /* XCRemoteSwiftPackageReference "firebase-ios-sdk" */;
			productName = FirebaseAnalyticsSwift;
		};
		FA3B257E2B0B940400BBFBE1 /* FirebaseAnalyticsWithoutAdIdSupport */ = {
			isa = XCSwiftPackageProductDependency;
			package = FA3B25772B0B940400BBFBE1 /* XCRemoteSwiftPackageReference "firebase-ios-sdk" */;
			productName = FirebaseAnalyticsWithoutAdIdSupport;
		};
		FA3B25802B0B940400BBFBE1 /* FirebaseAppCheck */ = {
			isa = XCSwiftPackageProductDependency;
			package = FA3B25772B0B940400BBFBE1 /* XCRemoteSwiftPackageReference "firebase-ios-sdk" */;
			productName = FirebaseAppCheck;
		};
		FA3B25822B0B940400BBFBE1 /* FirebaseAppDistribution-Beta */ = {
			isa = XCSwiftPackageProductDependency;
			package = FA3B25772B0B940400BBFBE1 /* XCRemoteSwiftPackageReference "firebase-ios-sdk" */;
			productName = "FirebaseAppDistribution-Beta";
		};
		FA3B25842B0B940400BBFBE1 /* FirebaseAuth */ = {
			isa = XCSwiftPackageProductDependency;
			package = FA3B25772B0B940400BBFBE1 /* XCRemoteSwiftPackageReference "firebase-ios-sdk" */;
			productName = FirebaseAuth;
		};
		FA3B25862B0B940400BBFBE1 /* FirebaseAuthCombine-Community */ = {
			isa = XCSwiftPackageProductDependency;
			package = FA3B25772B0B940400BBFBE1 /* XCRemoteSwiftPackageReference "firebase-ios-sdk" */;
			productName = "FirebaseAuthCombine-Community";
		};
		FA3B25882B0B940400BBFBE1 /* FirebaseCrashlytics */ = {
			isa = XCSwiftPackageProductDependency;
			package = FA3B25772B0B940400BBFBE1 /* XCRemoteSwiftPackageReference "firebase-ios-sdk" */;
			productName = FirebaseCrashlytics;
		};
		FA3B258A2B0B940400BBFBE1 /* FirebaseDatabase */ = {
			isa = XCSwiftPackageProductDependency;
			package = FA3B25772B0B940400BBFBE1 /* XCRemoteSwiftPackageReference "firebase-ios-sdk" */;
			productName = FirebaseDatabase;
		};
		FA3B258C2B0B940400BBFBE1 /* FirebaseDatabaseSwift */ = {
			isa = XCSwiftPackageProductDependency;
			package = FA3B25772B0B940400BBFBE1 /* XCRemoteSwiftPackageReference "firebase-ios-sdk" */;
			productName = FirebaseDatabaseSwift;
		};
		FA3B258E2B0B940400BBFBE1 /* FirebaseDynamicLinks */ = {
			isa = XCSwiftPackageProductDependency;
			package = FA3B25772B0B940400BBFBE1 /* XCRemoteSwiftPackageReference "firebase-ios-sdk" */;
			productName = FirebaseDynamicLinks;
		};
		FA3B25902B0B940400BBFBE1 /* FirebaseFirestore */ = {
			isa = XCSwiftPackageProductDependency;
			package = FA3B25772B0B940400BBFBE1 /* XCRemoteSwiftPackageReference "firebase-ios-sdk" */;
			productName = FirebaseFirestore;
		};
		FA3B25922B0B940400BBFBE1 /* FirebaseFirestoreCombine-Community */ = {
			isa = XCSwiftPackageProductDependency;
			package = FA3B25772B0B940400BBFBE1 /* XCRemoteSwiftPackageReference "firebase-ios-sdk" */;
			productName = "FirebaseFirestoreCombine-Community";
		};
		FA3B25942B0B940400BBFBE1 /* FirebaseFirestoreSwift */ = {
			isa = XCSwiftPackageProductDependency;
			package = FA3B25772B0B940400BBFBE1 /* XCRemoteSwiftPackageReference "firebase-ios-sdk" */;
			productName = FirebaseFirestoreSwift;
		};
		FA3B25962B0B940400BBFBE1 /* FirebaseFunctions */ = {
			isa = XCSwiftPackageProductDependency;
			package = FA3B25772B0B940400BBFBE1 /* XCRemoteSwiftPackageReference "firebase-ios-sdk" */;
			productName = FirebaseFunctions;
		};
		FA3B25982B0B940400BBFBE1 /* FirebaseFunctionsCombine-Community */ = {
			isa = XCSwiftPackageProductDependency;
			package = FA3B25772B0B940400BBFBE1 /* XCRemoteSwiftPackageReference "firebase-ios-sdk" */;
			productName = "FirebaseFunctionsCombine-Community";
		};
		FA3B259A2B0B940400BBFBE1 /* FirebaseInAppMessaging-Beta */ = {
			isa = XCSwiftPackageProductDependency;
			package = FA3B25772B0B940400BBFBE1 /* XCRemoteSwiftPackageReference "firebase-ios-sdk" */;
			productName = "FirebaseInAppMessaging-Beta";
		};
		FA3B259C2B0B940400BBFBE1 /* FirebaseInAppMessagingSwift-Beta */ = {
			isa = XCSwiftPackageProductDependency;
			package = FA3B25772B0B940400BBFBE1 /* XCRemoteSwiftPackageReference "firebase-ios-sdk" */;
			productName = "FirebaseInAppMessagingSwift-Beta";
		};
		FA3B259E2B0B940400BBFBE1 /* FirebaseInstallations */ = {
			isa = XCSwiftPackageProductDependency;
			package = FA3B25772B0B940400BBFBE1 /* XCRemoteSwiftPackageReference "firebase-ios-sdk" */;
			productName = FirebaseInstallations;
		};
		FA3B25A02B0B940400BBFBE1 /* FirebaseMLModelDownloader */ = {
			isa = XCSwiftPackageProductDependency;
			package = FA3B25772B0B940400BBFBE1 /* XCRemoteSwiftPackageReference "firebase-ios-sdk" */;
			productName = FirebaseMLModelDownloader;
		};
		FA3B25A22B0B940400BBFBE1 /* FirebaseMessaging */ = {
			isa = XCSwiftPackageProductDependency;
			package = FA3B25772B0B940400BBFBE1 /* XCRemoteSwiftPackageReference "firebase-ios-sdk" */;
			productName = FirebaseMessaging;
		};
		FA3B25A42B0B940400BBFBE1 /* FirebasePerformance */ = {
			isa = XCSwiftPackageProductDependency;
			package = FA3B25772B0B940400BBFBE1 /* XCRemoteSwiftPackageReference "firebase-ios-sdk" */;
			productName = FirebasePerformance;
		};
		FA3B25A62B0B940400BBFBE1 /* FirebaseRemoteConfig */ = {
			isa = XCSwiftPackageProductDependency;
			package = FA3B25772B0B940400BBFBE1 /* XCRemoteSwiftPackageReference "firebase-ios-sdk" */;
			productName = FirebaseRemoteConfig;
		};
		FA3B25A82B0B940400BBFBE1 /* FirebaseRemoteConfigSwift */ = {
			isa = XCSwiftPackageProductDependency;
			package = FA3B25772B0B940400BBFBE1 /* XCRemoteSwiftPackageReference "firebase-ios-sdk" */;
			productName = FirebaseRemoteConfigSwift;
		};
		FA3B25AA2B0B940400BBFBE1 /* FirebaseStorage */ = {
			isa = XCSwiftPackageProductDependency;
			package = FA3B25772B0B940400BBFBE1 /* XCRemoteSwiftPackageReference "firebase-ios-sdk" */;
			productName = FirebaseStorage;
		};
		FA3B25AC2B0B940400BBFBE1 /* FirebaseStorageCombine-Community */ = {
			isa = XCSwiftPackageProductDependency;
			package = FA3B25772B0B940400BBFBE1 /* XCRemoteSwiftPackageReference "firebase-ios-sdk" */;
			productName = "FirebaseStorageCombine-Community";
		};
/* End XCSwiftPackageProductDependency section */
	};
	rootObject = 79E4DADA2ADC324C0072F993 /* Project object */;
}
